
Microsoft Visual Studio Solution File, Format Version 12.00
# Visual Studio Version 16
VisualStudioVersion = 16.0.31729.503
MinimumVisualStudioVersion = 10.0.40219.1
Project("{FAE04EC0-301F-11D3-BF4B-00C04F79EFBC}") = "Line", "Line\Line.csproj", "{8D30E118-9006-40C3-AE34-3A208049ECE6}"
EndProject
Global
	GlobalSection(SolutionConfigurationPlatforms) = preSolution
		Debug|Any CPU = Debug|Any CPU
		Release|Any CPU = Release|Any CPU
	EndGlobalSection
	GlobalSection(ProjectConfigurationPlatforms) = postSolution
		{8D30E118-9006-40C3-AE34-3A208049ECE6}.Debug|Any CPU.ActiveCfg = Debug|Any CPU
		{8D30E118-9006-40C3-AE34-3A208049ECE6}.Debug|Any CPU.Build.0 = Debug|Any CPU
		{8D30E118-9006-40C3-AE34-3A208049ECE6}.Release|Any CPU.ActiveCfg = Release|Any CPU
		{8D30E118-9006-40C3-AE34-3A208049ECE6}.Release|Any CPU.Build.0 = Release|Any CPU
	EndGlobalSection
	GlobalSection(SolutionProperties) = preSolution
		HideSolutionNode = FALSE
	EndGlobalSection
	GlobalSection(ExtensibilityGlobals) = postSolution
		SolutionGuid = {CEDC02E7-849B-4EF5-8C90-6F19984A0DB4}
	EndGlobalSection
EndGlobal
